
Microsoft Visual Studio Solution File, Format Version 12.00
# Visual Studio Version 17
VisualStudioVersion = 17.2.32519.379
MinimumVisualStudioVersion = 10.0.40219.1
Project("{9A19103F-16F7-4668-BE54-9A1E7A4F7556}") = "VB", "CombinedWebsite\VB.csproj", "{C4146AC5-3B55-4EE3-8D62-E631DA3756FD}"
EndProject
Global
	GlobalSection(SolutionConfigurationPlatforms) = preSolution
		Debug|Any CPU = Debug|Any CPU
		Release|Any CPU = Release|Any CPU
	EndGlobalSection
	GlobalSection(ProjectConfigurationPlatforms) = postSolution
		{C4146AC5-3B55-4EE3-8D62-E631DA3756FD}.Debug|Any CPU.ActiveCfg = Debug|Any CPU
		{C4146AC5-3B55-4EE3-8D62-E631DA3756FD}.Debug|Any CPU.Build.0 = Debug|Any CPU
		{C4146AC5-3B55-4EE3-8D62-E631DA3756FD}.Release|Any CPU.ActiveCfg = Release|Any CPU
		{C4146AC5-3B55-4EE3-8D62-E631DA3756FD}.Release|Any CPU.Build.0 = Release|Any CPU
	EndGlobalSection
	GlobalSection(SolutionProperties) = preSolution
		HideSolutionNode = FALSE
	EndGlobalSection
	GlobalSection(ExtensibilityGlobals) = postSolution
		SolutionGuid = {D2A193AE-D98C-428A-82E4-2E57C5441C86}
	EndGlobalSection
EndGlobal
